
Microsoft Visual Studio Solution File, Format Version 12.00
# Visual Studio Version 17
VisualStudioVersion = 17.4.33213.308
MinimumVisualStudioVersion = 10.0.40219.1
Project("{2150E333-8FDC-42A3-9474-1A3956D46DE8}") = "core", "core", "{5FF4F81C-D288-48A0-A5FC-7EF1AE6A7473}"
EndProject
Project("{2150E333-8FDC-42A3-9474-1A3956D46DE8}") = "src", "src", "{9E2F8E3B-B566-4E92-9010-752FAEDFCCB1}"
EndProject
Project("{9A19103F-16F7-4668-BE54-9A1E7A4F7556}") = "Hylo.Core", "src\core\Hylo.Core.csproj", "{87827E7D-43C2-4804-BA87-E7864DF6BE91}"
EndProject
Project("{2150E333-8FDC-42A3-9474-1A3956D46DE8}") = "api", "api", "{D776AE9C-8CFF-4E0A-94D1-6CEF9CEDA23C}"
EndProject
Project("{2150E333-8FDC-42A3-9474-1A3956D46DE8}") = "core", "core", "{B9281C41-0A59-44C5-8B3E-809A4696B3C5}"
EndProject
Project("{2150E333-8FDC-42A3-9474-1A3956D46DE8}") = "data", "data", "{B472FEAE-5EDB-46E0-B6F1-A1DC162DE494}"
EndProject
Project("{9A19103F-16F7-4668-BE54-9A1E7A4F7556}") = "Hylo.Api.Core.Data", "src\api\core\data\Hylo.Api.Core.Data.csproj", "{D158F6E6-5C0A-4953-8856-1E6F53AB0F07}"
EndProject
Project("{2150E333-8FDC-42A3-9474-1A3956D46DE8}") = "infrastructure", "infrastructure", "{D5D603FB-BFBD-4B07-AB8E-7E19D69D4788}"
EndProject
Project("{2150E333-8FDC-42A3-9474-1A3956D46DE8}") = "abstractions", "abstractions", "{52494035-BA2A-4606-BE35-31F434388A11}"
EndProject
Project("{9A19103F-16F7-4668-BE54-9A1E7A4F7556}") = "Hylo.Api.Core.Infrastructure.Abstractions", "src\api\core\infrastructure\abstractions\Hylo.Api.Core.Infrastructure.Abstractions.csproj", "{D970BDE1-2B87-4C87-8552-02234358EA05}"
EndProject
Project("{2150E333-8FDC-42A3-9474-1A3956D46DE8}") = "persistence", "persistence", "{6FB34A73-F9ED-475C-A0DF-EF5125C9CFFE}"
EndProject
Project("{2150E333-8FDC-42A3-9474-1A3956D46DE8}") = "redis", "redis", "{0CBD4B8C-F2C2-4F2A-909A-91C43E4F21EE}"
EndProject
Project("{9A19103F-16F7-4668-BE54-9A1E7A4F7556}") = "Hylo.Api.Core.Infrastructure.Persistence.Redis", "src\api\core\infrastructure\persistence\redis\Hylo.Api.Core.Infrastructure.Persistence.Redis.csproj", "{A1D0249D-A004-4907-8690-4EB3BF5DB633}"
EndProject
Project("{2150E333-8FDC-42A3-9474-1A3956D46DE8}") = "server", "server", "{5850510D-0C13-4A14-BF3F-1EC55684F4F2}"
EndProject
Project("{9A19103F-16F7-4668-BE54-9A1E7A4F7556}") = "Hylo.Api.Server", "src\api\server\Hylo.Api.Server.csproj", "{E36464AC-968A-4298-AC49-54EAEBB3CD51}"
EndProject
Project("{2150E333-8FDC-42A3-9474-1A3956D46DE8}") = "service-bus", "service-bus", "{7A850256-BD01-45A1-B536-DA93F1F595AB}"
EndProject
Project("{2150E333-8FDC-42A3-9474-1A3956D46DE8}") = "redis", "redis", "{0DB708C0-5054-49D0-B5A3-B79F47D8A652}"
EndProject
Project("{9A19103F-16F7-4668-BE54-9A1E7A4F7556}") = "Hylo.Api.Core.Infrastructure.ServiceBus.Redis", "src\api\core\infrastructure\service-bus\redis\Hylo.Api.Core.Infrastructure.ServiceBus.Redis.csproj", "{B5DEDEE0-BE06-40B0-8E7D-2085709CDA73}"
EndProject
Project("{2150E333-8FDC-42A3-9474-1A3956D46DE8}") = "deployment", "deployment", "{1D7467EC-B452-49DE-B326-99FFF3B909CC}"
EndProject
Project("{2150E333-8FDC-42A3-9474-1A3956D46DE8}") = "docker-compose", "docker-compose", "{211E2895-C0A3-4272-B4D8-FBDC6633C0AC}"
EndProject
Project("{E53339B2-1760-4266-BCC7-CA923CBCF16C}") = "docker-compose", "deployment\docker-compose\docker-compose.dcproj", "{C7128C06-A81F-488E-A6BA-B87EDB898311}"
EndProject
Project("{2150E333-8FDC-42A3-9474-1A3956D46DE8}") = "Solution Items", "Solution Items", "{7787B747-0851-4891-87F7-A3D73F026808}"
	ProjectSection(SolutionItems) = preProject
		notes.md = notes.md
	EndProjectSection
EndProject
Project("{2150E333-8FDC-42A3-9474-1A3956D46DE8}") = "authorization", "authorization", "{8B9E0FF5-B1C2-4297-A604-A07F03D26F21}"
EndProject
Project("{2150E333-8FDC-42A3-9474-1A3956D46DE8}") = "data", "data", "{E4502539-606B-4FCE-9265-6AB2B26BC382}"
EndProject
Project("{9A19103F-16F7-4668-BE54-9A1E7A4F7556}") = "Hylo.Api.Authorization.Data", "src\api\authorization\data\Hylo.Api.Authorization.Data.csproj", "{92CBEB0C-C3D8-4861-B357-AB88153DE6EA}"
EndProject
Project("{2150E333-8FDC-42A3-9474-1A3956D46DE8}") = "infrastructure", "infrastructure", "{BD3591EC-D686-4DE0-B448-6BB12E9B37D4}"
EndProject
Project("{9A19103F-16F7-4668-BE54-9A1E7A4F7556}") = "Hylo.Api.Authorization.Infrastructure", "src\api\authorization\infrastructure\Hylo.Api.Authorization.Infrastructure.csproj", "{07EACF0E-C949-4022-8292-0F9FC744E7A2}"
EndProject
Project("{2150E333-8FDC-42A3-9474-1A3956D46DE8}") = "application", "application", "{B9B7497E-3C92-4A9F-8D63-E81557F445FE}"
EndProject
Project("{2150E333-8FDC-42A3-9474-1A3956D46DE8}") = "admission", "admission", "{48976FF6-EDA7-4E27-A0F7-AFAAE7CE9B2F}"
EndProject
Project("{2150E333-8FDC-42A3-9474-1A3956D46DE8}") = "data", "data", "{45999FB5-F4E9-4D7D-B903-114D8B0E1D2D}"
EndProject
Project("{2150E333-8FDC-42A3-9474-1A3956D46DE8}") = "infrastructure", "infrastructure", "{D19EFF5A-6A58-4FDF-80D8-F169BF0C3197}"
EndProject
Project("{9A19103F-16F7-4668-BE54-9A1E7A4F7556}") = "Hylo.Api.Admission.Data", "src\api\admission\data\Hylo.Api.Admission.Data.csproj", "{5AB7EF6C-B3CD-4341-97FE-20F1DC1C2242}"
EndProject
Project("{9A19103F-16F7-4668-BE54-9A1E7A4F7556}") = "Hylo.Api.Admission.Infrastructure", "src\api\admission\infrastructure\Hylo.Api.Admission.Infrastructure.csproj", "{0EC8AE79-F66E-4577-B611-A7300866A13A}"
EndProject
Project("{2150E333-8FDC-42A3-9474-1A3956D46DE8}") = "application", "application", "{C84B7E52-F48D-4B9D-9DEB-031B15277F0B}"
EndProject
Project("{9A19103F-16F7-4668-BE54-9A1E7A4F7556}") = "Hylo.Api.Application", "src\api\application\Hylo.Api.Application.csproj", "{5F4C7641-BCC7-4BFD-9122-1C85E4F2B87C}"
EndProject
Global
	GlobalSection(SolutionConfigurationPlatforms) = preSolution
		Debug|Any CPU = Debug|Any CPU
		Release|Any CPU = Release|Any CPU
	EndGlobalSection
	GlobalSection(ProjectConfigurationPlatforms) = postSolution
		{87827E7D-43C2-4804-BA87-E7864DF6BE91}.Debug|Any CPU.ActiveCfg = Debug|Any CPU
		{87827E7D-43C2-4804-BA87-E7864DF6BE91}.Debug|Any CPU.Build.0 = Debug|Any CPU
		{87827E7D-43C2-4804-BA87-E7864DF6BE91}.Release|Any CPU.ActiveCfg = Release|Any CPU
		{87827E7D-43C2-4804-BA87-E7864DF6BE91}.Release|Any CPU.Build.0 = Release|Any CPU
		{D158F6E6-5C0A-4953-8856-1E6F53AB0F07}.Debug|Any CPU.ActiveCfg = Debug|Any CPU
		{D158F6E6-5C0A-4953-8856-1E6F53AB0F07}.Debug|Any CPU.Build.0 = Debug|Any CPU
		{D158F6E6-5C0A-4953-8856-1E6F53AB0F07}.Release|Any CPU.ActiveCfg = Release|Any CPU
		{D158F6E6-5C0A-4953-8856-1E6F53AB0F07}.Release|Any CPU.Build.0 = Release|Any CPU
		{D970BDE1-2B87-4C87-8552-02234358EA05}.Debug|Any CPU.ActiveCfg = Debug|Any CPU
		{D970BDE1-2B87-4C87-8552-02234358EA05}.Debug|Any CPU.Build.0 = Debug|Any CPU
		{D970BDE1-2B87-4C87-8552-02234358EA05}.Release|Any CPU.ActiveCfg = Release|Any CPU
		{D970BDE1-2B87-4C87-8552-02234358EA05}.Release|Any CPU.Build.0 = Release|Any CPU
		{A1D0249D-A004-4907-8690-4EB3BF5DB633}.Debug|Any CPU.ActiveCfg = Debug|Any CPU
		{A1D0249D-A004-4907-8690-4EB3BF5DB633}.Debug|Any CPU.Build.0 = Debug|Any CPU
		{A1D0249D-A004-4907-8690-4EB3BF5DB633}.Release|Any CPU.ActiveCfg = Release|Any CPU
		{A1D0249D-A004-4907-8690-4EB3BF5DB633}.Release|Any CPU.Build.0 = Release|Any CPU
		{E36464AC-968A-4298-AC49-54EAEBB3CD51}.Debug|Any CPU.ActiveCfg = Debug|Any CPU
		{E36464AC-968A-4298-AC49-54EAEBB3CD51}.Debug|Any CPU.Build.0 = Debug|Any CPU
		{E36464AC-968A-4298-AC49-54EAEBB3CD51}.Release|Any CPU.ActiveCfg = Release|Any CPU
		{E36464AC-968A-4298-AC49-54EAEBB3CD51}.Release|Any CPU.Build.0 = Release|Any CPU
		{B5DEDEE0-BE06-40B0-8E7D-2085709CDA73}.Debug|Any CPU.ActiveCfg = Debug|Any CPU
		{B5DEDEE0-BE06-40B0-8E7D-2085709CDA73}.Debug|Any CPU.Build.0 = Debug|Any CPU
		{B5DEDEE0-BE06-40B0-8E7D-2085709CDA73}.Release|Any CPU.ActiveCfg = Release|Any CPU
		{B5DEDEE0-BE06-40B0-8E7D-2085709CDA73}.Release|Any CPU.Build.0 = Release|Any CPU
		{C7128C06-A81F-488E-A6BA-B87EDB898311}.Debug|Any CPU.ActiveCfg = Debug|Any CPU
		{C7128C06-A81F-488E-A6BA-B87EDB898311}.Debug|Any CPU.Build.0 = Debug|Any CPU
		{C7128C06-A81F-488E-A6BA-B87EDB898311}.Release|Any CPU.ActiveCfg = Release|Any CPU
		{C7128C06-A81F-488E-A6BA-B87EDB898311}.Release|Any CPU.Build.0 = Release|Any CPU
		{92CBEB0C-C3D8-4861-B357-AB88153DE6EA}.Debug|Any CPU.ActiveCfg = Debug|Any CPU
		{92CBEB0C-C3D8-4861-B357-AB88153DE6EA}.Debug|Any CPU.Build.0 = Debug|Any CPU
		{92CBEB0C-C3D8-4861-B357-AB88153DE6EA}.Release|Any CPU.ActiveCfg = Release|Any CPU
		{92CBEB0C-C3D8-4861-B357-AB88153DE6EA}.Release|Any CPU.Build.0 = Release|Any CPU
		{07EACF0E-C949-4022-8292-0F9FC744E7A2}.Debug|Any CPU.ActiveCfg = Debug|Any CPU
		{07EACF0E-C949-4022-8292-0F9FC744E7A2}.Debug|Any CPU.Build.0 = Debug|Any CPU
		{07EACF0E-C949-4022-8292-0F9FC744E7A2}.Release|Any CPU.ActiveCfg = Release|Any CPU
		{07EACF0E-C949-4022-8292-0F9FC744E7A2}.Release|Any CPU.Build.0 = Release|Any CPU
		{5AB7EF6C-B3CD-4341-97FE-20F1DC1C2242}.Debug|Any CPU.ActiveCfg = Debug|Any CPU
		{5AB7EF6C-B3CD-4341-97FE-20F1DC1C2242}.Debug|Any CPU.Build.0 = Debug|Any CPU
		{5AB7EF6C-B3CD-4341-97FE-20F1DC1C2242}.Release|Any CPU.ActiveCfg = Release|Any CPU
		{5AB7EF6C-B3CD-4341-97FE-20F1DC1C2242}.Release|Any CPU.Build.0 = Release|Any CPU
		{0EC8AE79-F66E-4577-B611-A7300866A13A}.Debug|Any CPU.ActiveCfg = Debug|Any CPU
		{0EC8AE79-F66E-4577-B611-A7300866A13A}.Debug|Any CPU.Build.0 = Debug|Any CPU
		{0EC8AE79-F66E-4577-B611-A7300866A13A}.Release|Any CPU.ActiveCfg = Release|Any CPU
		{0EC8AE79-F66E-4577-B611-A7300866A13A}.Release|Any CPU.Build.0 = Release|Any CPU
		{5F4C7641-BCC7-4BFD-9122-1C85E4F2B87C}.Debug|Any CPU.ActiveCfg = Debug|Any CPU
		{5F4C7641-BCC7-4BFD-9122-1C85E4F2B87C}.Debug|Any CPU.Build.0 = Debug|Any CPU
		{5F4C7641-BCC7-4BFD-9122-1C85E4F2B87C}.Release|Any CPU.ActiveCfg = Release|Any CPU
		{5F4C7641-BCC7-4BFD-9122-1C85E4F2B87C}.Release|Any CPU.Build.0 = Release|Any CPU
	EndGlobalSection
	GlobalSection(SolutionProperties) = preSolution
		HideSolutionNode = FALSE
	EndGlobalSection
	GlobalSection(NestedProjects) = preSolution
		{5FF4F81C-D288-48A0-A5FC-7EF1AE6A7473} = {9E2F8E3B-B566-4E92-9010-752FAEDFCCB1}
		{87827E7D-43C2-4804-BA87-E7864DF6BE91} = {5FF4F81C-D288-48A0-A5FC-7EF1AE6A7473}
		{D776AE9C-8CFF-4E0A-94D1-6CEF9CEDA23C} = {9E2F8E3B-B566-4E92-9010-752FAEDFCCB1}
		{B9281C41-0A59-44C5-8B3E-809A4696B3C5} = {D776AE9C-8CFF-4E0A-94D1-6CEF9CEDA23C}
		{B472FEAE-5EDB-46E0-B6F1-A1DC162DE494} = {B9281C41-0A59-44C5-8B3E-809A4696B3C5}
		{D158F6E6-5C0A-4953-8856-1E6F53AB0F07} = {B472FEAE-5EDB-46E0-B6F1-A1DC162DE494}
		{D5D603FB-BFBD-4B07-AB8E-7E19D69D4788} = {B9281C41-0A59-44C5-8B3E-809A4696B3C5}
		{52494035-BA2A-4606-BE35-31F434388A11} = {D5D603FB-BFBD-4B07-AB8E-7E19D69D4788}
		{D970BDE1-2B87-4C87-8552-02234358EA05} = {52494035-BA2A-4606-BE35-31F434388A11}
		{6FB34A73-F9ED-475C-A0DF-EF5125C9CFFE} = {D5D603FB-BFBD-4B07-AB8E-7E19D69D4788}
		{0CBD4B8C-F2C2-4F2A-909A-91C43E4F21EE} = {6FB34A73-F9ED-475C-A0DF-EF5125C9CFFE}
		{A1D0249D-A004-4907-8690-4EB3BF5DB633} = {0CBD4B8C-F2C2-4F2A-909A-91C43E4F21EE}
		{5850510D-0C13-4A14-BF3F-1EC55684F4F2} = {D776AE9C-8CFF-4E0A-94D1-6CEF9CEDA23C}
		{E36464AC-968A-4298-AC49-54EAEBB3CD51} = {5850510D-0C13-4A14-BF3F-1EC55684F4F2}
		{7A850256-BD01-45A1-B536-DA93F1F595AB} = {D5D603FB-BFBD-4B07-AB8E-7E19D69D4788}
		{0DB708C0-5054-49D0-B5A3-B79F47D8A652} = {7A850256-BD01-45A1-B536-DA93F1F595AB}
		{B5DEDEE0-BE06-40B0-8E7D-2085709CDA73} = {0DB708C0-5054-49D0-B5A3-B79F47D8A652}
		{211E2895-C0A3-4272-B4D8-FBDC6633C0AC} = {1D7467EC-B452-49DE-B326-99FFF3B909CC}
		{C7128C06-A81F-488E-A6BA-B87EDB898311} = {211E2895-C0A3-4272-B4D8-FBDC6633C0AC}
		{8B9E0FF5-B1C2-4297-A604-A07F03D26F21} = {D776AE9C-8CFF-4E0A-94D1-6CEF9CEDA23C}
		{E4502539-606B-4FCE-9265-6AB2B26BC382} = {8B9E0FF5-B1C2-4297-A604-A07F03D26F21}
		{92CBEB0C-C3D8-4861-B357-AB88153DE6EA} = {E4502539-606B-4FCE-9265-6AB2B26BC382}
		{BD3591EC-D686-4DE0-B448-6BB12E9B37D4} = {8B9E0FF5-B1C2-4297-A604-A07F03D26F21}
		{07EACF0E-C949-4022-8292-0F9FC744E7A2} = {BD3591EC-D686-4DE0-B448-6BB12E9B37D4}
		{B9B7497E-3C92-4A9F-8D63-E81557F445FE} = {8B9E0FF5-B1C2-4297-A604-A07F03D26F21}
		{48976FF6-EDA7-4E27-A0F7-AFAAE7CE9B2F} = {D776AE9C-8CFF-4E0A-94D1-6CEF9CEDA23C}
		{45999FB5-F4E9-4D7D-B903-114D8B0E1D2D} = {48976FF6-EDA7-4E27-A0F7-AFAAE7CE9B2F}
		{D19EFF5A-6A58-4FDF-80D8-F169BF0C3197} = {48976FF6-EDA7-4E27-A0F7-AFAAE7CE9B2F}
		{5AB7EF6C-B3CD-4341-97FE-20F1DC1C2242} = {45999FB5-F4E9-4D7D-B903-114D8B0E1D2D}
		{0EC8AE79-F66E-4577-B611-A7300866A13A} = {D19EFF5A-6A58-4FDF-80D8-F169BF0C3197}
		{C84B7E52-F48D-4B9D-9DEB-031B15277F0B} = {D776AE9C-8CFF-4E0A-94D1-6CEF9CEDA23C}
		{5F4C7641-BCC7-4BFD-9122-1C85E4F2B87C} = {C84B7E52-F48D-4B9D-9DEB-031B15277F0B}
	EndGlobalSection
	GlobalSection(ExtensibilityGlobals) = postSolution
		SolutionGuid = {FB709C79-7082-4440-9706-9612011A4F06}
	EndGlobalSection
EndGlobal
